
Microsoft Visual Studio Solution File, Format Version 12.00
# Visual Studio Version 16
VisualStudioVersion = 16.0.31129.286
MinimumVisualStudioVersion = 10.0.40219.1
Project("{8BC9CEB8-8B4A-11D0-8D11-00A0C91BC942}") = "CONTROL", "SO2_TP_V2.vcxproj", "{949B138E-8506-44FF-9627-C18984FE451C}"
EndProject
Project("{8BC9CEB8-8B4A-11D0-8D11-00A0C91BC942}") = "AVIAO", "..\Aviao\Aviao.vcxproj", "{76FE5FEF-D290-4F48-9865-677A5B61E80A}"
EndProject
Project("{8BC9CEB8-8B4A-11D0-8D11-00A0C91BC942}") = "Passageiros", "..\Passageiros\Passageiros.vcxproj", "{2152BCA8-CC17-4170-9321-6126AE4DACA7}"
EndProject
Global
	GlobalSection(SolutionConfigurationPlatforms) = preSolution
		Debug|x64 = Debug|x64
		Debug|x86 = Debug|x86
		Release|x64 = Release|x64
		Release|x86 = Release|x86
	EndGlobalSection
	GlobalSection(ProjectConfigurationPlatforms) = postSolution
		{949B138E-8506-44FF-9627-C18984FE451C}.Debug|x64.ActiveCfg = Debug|x64
		{949B138E-8506-44FF-9627-C18984FE451C}.Debug|x64.Build.0 = Debug|x64
		{949B138E-8506-44FF-9627-C18984FE451C}.Debug|x86.ActiveCfg = Debug|Win32
		{949B138E-8506-44FF-9627-C18984FE451C}.Debug|x86.Build.0 = Debug|Win32
		{949B138E-8506-44FF-9627-C18984FE451C}.Release|x64.ActiveCfg = Release|x64
		{949B138E-8506-44FF-9627-C18984FE451C}.Release|x64.Build.0 = Release|x64
		{949B138E-8506-44FF-9627-C18984FE451C}.Release|x86.ActiveCfg = Release|Win32
		{949B138E-8506-44FF-9627-C18984FE451C}.Release|x86.Build.0 = Release|Win32
		{76FE5FEF-D290-4F48-9865-677A5B61E80A}.Debug|x64.ActiveCfg = Debug|x64
		{76FE5FEF-D290-4F48-9865-677A5B61E80A}.Debug|x64.Build.0 = Debug|x64
		{76FE5FEF-D290-4F48-9865-677A5B61E80A}.Debug|x86.ActiveCfg = Debug|Win32
		{76FE5FEF-D290-4F48-9865-677A5B61E80A}.Debug|x86.Build.0 = Debug|Win32
		{76FE5FEF-D290-4F48-9865-677A5B61E80A}.Release|x64.ActiveCfg = Release|x64
		{76FE5FEF-D290-4F48-9865-677A5B61E80A}.Release|x64.Build.0 = Release|x64
		{76FE5FEF-D290-4F48-9865-677A5B61E80A}.Release|x86.ActiveCfg = Release|Win32
		{76FE5FEF-D290-4F48-9865-677A5B61E80A}.Release|x86.Build.0 = Release|Win32
		{2152BCA8-CC17-4170-9321-6126AE4DACA7}.Debug|x64.ActiveCfg = Debug|x64
		{2152BCA8-CC17-4170-9321-6126AE4DACA7}.Debug|x64.Build.0 = Debug|x64
		{2152BCA8-CC17-4170-9321-6126AE4DACA7}.Debug|x86.ActiveCfg = Debug|Win32
		{2152BCA8-CC17-4170-9321-6126AE4DACA7}.Debug|x86.Build.0 = Debug|Win32
		{2152BCA8-CC17-4170-9321-6126AE4DACA7}.Release|x64.ActiveCfg = Release|x64
		{2152BCA8-CC17-4170-9321-6126AE4DACA7}.Release|x64.Build.0 = Release|x64
		{2152BCA8-CC17-4170-9321-6126AE4DACA7}.Release|x86.ActiveCfg = Release|Win32
		{2152BCA8-CC17-4170-9321-6126AE4DACA7}.Release|x86.Build.0 = Release|Win32
	EndGlobalSection
	GlobalSection(SolutionProperties) = preSolution
		HideSolutionNode = FALSE
	EndGlobalSection
	GlobalSection(ExtensibilityGlobals) = postSolution
		SolutionGuid = {A084F674-8A4E-478F-8C2B-21FD49276844}
	EndGlobalSection
EndGlobal
